
Microsoft Visual Studio Solution File, Format Version 12.00
# Visual Studio Version 16
VisualStudioVersion = 16.0.32228.343
MinimumVisualStudioVersion = 10.0.40219.1
Project("{FAE04EC0-301F-11D3-BF4B-00C04F79EFBC}") = "WPF_a_counter", "WPF_a_counter\WPF_a_counter.csproj", "{964DF7CB-C3E3-4D19-B04B-5D4F51FE9A09}"
EndProject
Global
	GlobalSection(SolutionConfigurationPlatforms) = preSolution
		Debug|Any CPU = Debug|Any CPU
		Release|Any CPU = Release|Any CPU
	EndGlobalSection
	GlobalSection(ProjectConfigurationPlatforms) = postSolution
		{964DF7CB-C3E3-4D19-B04B-5D4F51FE9A09}.Debug|Any CPU.ActiveCfg = Debug|Any CPU
		{964DF7CB-C3E3-4D19-B04B-5D4F51FE9A09}.Debug|Any CPU.Build.0 = Debug|Any CPU
		{964DF7CB-C3E3-4D19-B04B-5D4F51FE9A09}.Release|Any CPU.ActiveCfg = Release|Any CPU
		{964DF7CB-C3E3-4D19-B04B-5D4F51FE9A09}.Release|Any CPU.Build.0 = Release|Any CPU
	EndGlobalSection
	GlobalSection(SolutionProperties) = preSolution
		HideSolutionNode = FALSE
	EndGlobalSection
	GlobalSection(ExtensibilityGlobals) = postSolution
		SolutionGuid = {88A0377F-46D5-4E02-AFE4-75C65C381992}
	EndGlobalSection
EndGlobal
